
Microsoft Visual Studio Solution File, Format Version 12.00
# Visual Studio Version 16
VisualStudioVersion = 16.0.29613.14
MinimumVisualStudioVersion = 10.0.40219.1
Project("{FAE04EC0-301F-11D3-BF4B-00C04F79EFBC}") = "RecipeRight", "RecipeRight\RecipeRight.csproj", "{04318808-0213-445F-99F7-17D0BAD53C1A}"
EndProject
Global
	GlobalSection(SolutionConfigurationPlatforms) = preSolution
		Debug|Any CPU = Debug|Any CPU
		Release|Any CPU = Release|Any CPU
	EndGlobalSection
	GlobalSection(ProjectConfigurationPlatforms) = postSolution
		{04318808-0213-445F-99F7-17D0BAD53C1A}.Debug|Any CPU.ActiveCfg = Debug|Any CPU
		{04318808-0213-445F-99F7-17D0BAD53C1A}.Debug|Any CPU.Build.0 = Debug|Any CPU
		{04318808-0213-445F-99F7-17D0BAD53C1A}.Release|Any CPU.ActiveCfg = Release|Any CPU
		{04318808-0213-445F-99F7-17D0BAD53C1A}.Release|Any CPU.Build.0 = Release|Any CPU
	EndGlobalSection
	GlobalSection(SolutionProperties) = preSolution
		HideSolutionNode = FALSE
	EndGlobalSection
	GlobalSection(ExtensibilityGlobals) = postSolution
		SolutionGuid = {4A79C9CD-A526-4D4B-98A7-12D43EF3A82C}
	EndGlobalSection
EndGlobal
